DEPENDENCIES
  ark (~> 2.2.1)
  cluster-search (~> 1.1.1)
  consul-platform (~> 1.0.0)

GRAPH
  ark (2.2.1)
    build-essential (>= 0.0.0)
    seven_zip (>= 0.0.0)
    windows (>= 0.0.0)
  build-essential (8.0.1)
    mingw (>= 1.1)
    seven_zip (>= 0.0.0)
  cluster-search (1.1.1)
  consul-platform (1.0.0)
    ark (>= 0.0.0)
    cluster-search (>= 0.0.0)
  mingw (2.0.0)
    seven_zip (>= 0.0.0)
  ohai (5.0.3)
  seven_zip (2.0.2)
    windows (>= 1.2.2)
  windows (3.0.5)
    ohai (>= 4.0.0)
